
Microsoft Visual Studio Solution File, Format Version 12.00
# Visual Studio 15
VisualStudioVersion = 15.0.27130.2024
MinimumVisualStudioVersion = 10.0.40219.1
Project("{FAE04EC0-301F-11D3-BF4B-00C04F79EFBC}") = "PresentationLayer", "AI Application\PresentationLayer.csproj", "{3E0CEC0C-9296-4DF4-9C7F-5EE568ABB99A}"
EndProject
Project("{FAE04EC0-301F-11D3-BF4B-00C04F79EFBC}") = "BusinessLayer", "BusinessLayer\BusinessLayer.csproj", "{87714D12-54B8-495A-A6B4-83DBFCF7FD99}"
EndProject
Project("{2150E333-8FDC-42A3-9474-1A3956D46DE8}") = "Solution Items", "Solution Items", "{C7FF4291-F537-426D-9EBD-7630B4793DA0}"
	ProjectSection(SolutionItems) = preProject
		Todolist.txt = Todolist.txt
	EndProjectSection
EndProject
Global
	GlobalSection(SolutionConfigurationPlatforms) = preSolution
		Debug|Any CPU = Debug|Any CPU
		Release|Any CPU = Release|Any CPU
	EndGlobalSection
	GlobalSection(ProjectConfigurationPlatforms) = postSolution
		{3E0CEC0C-9296-4DF4-9C7F-5EE568ABB99A}.Debug|Any CPU.ActiveCfg = Debug|Any CPU
		{3E0CEC0C-9296-4DF4-9C7F-5EE568ABB99A}.Debug|Any CPU.Build.0 = Debug|Any CPU
		{3E0CEC0C-9296-4DF4-9C7F-5EE568ABB99A}.Release|Any CPU.ActiveCfg = Release|Any CPU
		{3E0CEC0C-9296-4DF4-9C7F-5EE568ABB99A}.Release|Any CPU.Build.0 = Release|Any CPU
		{87714D12-54B8-495A-A6B4-83DBFCF7FD99}.Debug|Any CPU.ActiveCfg = Debug|Any CPU
		{87714D12-54B8-495A-A6B4-83DBFCF7FD99}.Debug|Any CPU.Build.0 = Debug|Any CPU
		{87714D12-54B8-495A-A6B4-83DBFCF7FD99}.Release|Any CPU.ActiveCfg = Release|Any CPU
		{87714D12-54B8-495A-A6B4-83DBFCF7FD99}.Release|Any CPU.Build.0 = Release|Any CPU
	EndGlobalSection
	GlobalSection(SolutionProperties) = preSolution
		HideSolutionNode = FALSE
	EndGlobalSection
	GlobalSection(ExtensibilityGlobals) = postSolution
		SolutionGuid = {696BA75E-52D3-43E9-8B37-9E5B8C2F70D8}
	EndGlobalSection
EndGlobal
